
Microsoft Visual Studio Solution File, Format Version 12.00
# Visual Studio 2013
VisualStudioVersion = 12.0.21005.1
MinimumVisualStudioVersion = 10.0.40219.1
Project("{FAE04EC0-301F-11D3-BF4B-00C04F79EFBC}") = "SManagement_ElegantWebApp", "SManagementWebApp\SManagement_ElegantWebApp.csproj", "{BBBC1205-532F-4AA2-878E-B5FC0DDA2CAC}"
EndProject
Global
	GlobalSection(SolutionConfigurationPlatforms) = preSolution
		Debug|Any CPU = Debug|Any CPU
		Release|Any CPU = Release|Any CPU
	EndGlobalSection
	GlobalSection(ProjectConfigurationPlatforms) = postSolution
		{BBBC1205-532F-4AA2-878E-B5FC0DDA2CAC}.Debug|Any CPU.ActiveCfg = Debug|Any CPU
		{BBBC1205-532F-4AA2-878E-B5FC0DDA2CAC}.Debug|Any CPU.Build.0 = Debug|Any CPU
		{BBBC1205-532F-4AA2-878E-B5FC0DDA2CAC}.Release|Any CPU.ActiveCfg = Release|Any CPU
		{BBBC1205-532F-4AA2-878E-B5FC0DDA2CAC}.Release|Any CPU.Build.0 = Release|Any CPU
	EndGlobalSection
	GlobalSection(SolutionProperties) = preSolution
		HideSolutionNode = FALSE
	EndGlobalSection
EndGlobal
